
Microsoft Visual Studio Solution File, Format Version 12.00
# Visual Studio Version 17
VisualStudioVersion = 17.11.35303.130
MinimumVisualStudioVersion = 10.0.40219.1
Project("{FAE04EC0-301F-11D3-BF4B-00C04F79EFBC}") = "EjemploPoo", "EjemploPoo.csproj", "{5DE2BDEE-8FE6-4B16-A4A8-F58834735EF2}"
EndProject
Global
	GlobalSection(SolutionConfigurationPlatforms) = preSolution
		Debug|Any CPU = Debug|Any CPU
		Release|Any CPU = Release|Any CPU
	EndGlobalSection
	GlobalSection(ProjectConfigurationPlatforms) = postSolution
		{5DE2BDEE-8FE6-4B16-A4A8-F58834735EF2}.Debug|Any CPU.ActiveCfg = Debug|Any CPU
		{5DE2BDEE-8FE6-4B16-A4A8-F58834735EF2}.Debug|Any CPU.Build.0 = Debug|Any CPU
		{5DE2BDEE-8FE6-4B16-A4A8-F58834735EF2}.Release|Any CPU.ActiveCfg = Release|Any CPU
		{5DE2BDEE-8FE6-4B16-A4A8-F58834735EF2}.Release|Any CPU.Build.0 = Release|Any CPU
	EndGlobalSection
	GlobalSection(SolutionProperties) = preSolution
		HideSolutionNode = FALSE
	EndGlobalSection
	GlobalSection(ExtensibilityGlobals) = postSolution
		SolutionGuid = {F8C44FAF-D504-4298-8E81-E818FF48F96D}
	EndGlobalSection
EndGlobal
