
Microsoft Visual Studio Solution File, Format Version 12.00
# Visual Studio Version 17
VisualStudioVersion = 17.11.35303.130
MinimumVisualStudioVersion = 10.0.40219.1
Project("{FAE04EC0-301F-11D3-BF4B-00C04F79EFBC}") = "WinControles", "WinControles\WinControles.csproj", "{D010CF66-0206-404F-859F-62381C12A5AE}"
EndProject
Global
	GlobalSection(SolutionConfigurationPlatforms) = preSolution
		Debug|Any CPU = Debug|Any CPU
		Release|Any CPU = Release|Any CPU
	EndGlobalSection
	GlobalSection(ProjectConfigurationPlatforms) = postSolution
		{D010CF66-0206-404F-859F-62381C12A5AE}.Debug|Any CPU.ActiveCfg = Debug|Any CPU
		{D010CF66-0206-404F-859F-62381C12A5AE}.Debug|Any CPU.Build.0 = Debug|Any CPU
		{D010CF66-0206-404F-859F-62381C12A5AE}.Release|Any CPU.ActiveCfg = Release|Any CPU
		{D010CF66-0206-404F-859F-62381C12A5AE}.Release|Any CPU.Build.0 = Release|Any CPU
	EndGlobalSection
	GlobalSection(SolutionProperties) = preSolution
		HideSolutionNode = FALSE
	EndGlobalSection
	GlobalSection(ExtensibilityGlobals) = postSolution
		SolutionGuid = {91F52577-C949-4E94-AA2E-95BE388B55C6}
	EndGlobalSection
EndGlobal
