
Microsoft Visual Studio Solution File, Format Version 12.00
# Visual Studio Version 17
VisualStudioVersion = 17.11.35303.130
MinimumVisualStudioVersion = 10.0.40219.1
Project("{FAE04EC0-301F-11D3-BF4B-00C04F79EFBC}") = "Interfaces", "Interfaces\Interfaces.csproj", "{D37C1038-2D37-44E8-99A4-043F286D9E98}"
EndProject
Global
	GlobalSection(SolutionConfigurationPlatforms) = preSolution
		Debug|Any CPU = Debug|Any CPU
		Release|Any CPU = Release|Any CPU
	EndGlobalSection
	GlobalSection(ProjectConfigurationPlatforms) = postSolution
		{D37C1038-2D37-44E8-99A4-043F286D9E98}.Debug|Any CPU.ActiveCfg = Debug|Any CPU
		{D37C1038-2D37-44E8-99A4-043F286D9E98}.Debug|Any CPU.Build.0 = Debug|Any CPU
		{D37C1038-2D37-44E8-99A4-043F286D9E98}.Release|Any CPU.ActiveCfg = Release|Any CPU
		{D37C1038-2D37-44E8-99A4-043F286D9E98}.Release|Any CPU.Build.0 = Release|Any CPU
	EndGlobalSection
	GlobalSection(SolutionProperties) = preSolution
		HideSolutionNode = FALSE
	EndGlobalSection
	GlobalSection(ExtensibilityGlobals) = postSolution
		SolutionGuid = {C4BAC2DD-AC9A-4877-B8A2-9EF7F7F2D914}
	EndGlobalSection
EndGlobal
